PODS:
  - Alamofire (4.5.0)
  - YandexMapKit (1.0.11)

DEPENDENCIES:
  - Alamofire (~> 4.x)
  - YandexMapKit

SPEC CHECKSUMS:
  Alamofire: f28cdffd29de33a7bfa022cbd63ae95a27fae140
  YandexMapKit: 70c6e0819e88f742e3800711f7aedecaf3029300

PODFILE CHECKSUM: 0dfbba074d38513b8b37007dd305af29ecc9219e

COCOAPODS: 1.2.1
