// !$*UTF8*$!
{
	archiveVersion = 1;
	classes = {
	};
	objectVersion = 46;
	objects = {

/* Begin PBXBuildFile section */
		434445521F5311D000AF456A /* TapHintView.swift in Sources */ = {isa = PBXBuildFile; fileRef = 434445511F5311D000AF456A /* TapHintView.swift */; };
		434445541F5311DF00AF456A /* TapHintView.xib in Resources */ = {isa = PBXBuildFile; fileRef = 434445531F5311DF00AF456A /* TapHintView.xib */; };
		434445561F5323AC00AF456A /* PlacesAroundViewController.swift in Sources */ = {isa = PBXBuildFile; fileRef = 434445551F5323AC00AF456A /* PlacesAroundViewController.swift */; };
		437BE91C1F52C7EE00F21B74 /* TableViewRoutineDelegates.swift in Sources */ = {isa = PBXBuildFile; fileRef = 437BE91B1F52C7EE00F21B74 /* TableViewRoutineDelegates.swift */; };
		437BE91E1F52EF7400F21B74 /* PointAnnotation.swift in Sources */ = {isa = PBXBuildFile; fileRef = 437BE91D1F52EF7400F21B74 /* PointAnnotation.swift */; };
		439507791F518691002FF5BA /* OpenAL.framework in Frameworks */ = {isa = PBXBuildFile; fileRef = 439507781F518691002FF5BA /* OpenAL.framework */; };
		4395077B1F518695002FF5BA /* AudioToolbox.framework in Frameworks */ = {isa = PBXBuildFile; fileRef = 4395077A1F518695002FF5BA /* AudioToolbox.framework */; };
		4395077D1F51869D002FF5BA /* AVFoundation.framework in Frameworks */ = {isa = PBXBuildFile; fileRef = 4395077C1F51869D002FF5BA /* AVFoundation.framework */; };
		4395077F1F5186A2002FF5BA /* CoreData.framework in Frameworks */ = {isa = PBXBuildFile; fileRef = 4395077E1F5186A2002FF5BA /* CoreData.framework */; };
		439507811F5186AB002FF5BA /* CoreLocation.framework in Frameworks */ = {isa = PBXBuildFile; fileRef = 439507801F5186AB002FF5BA /* CoreLocation.framework */; };
		439507831F5186B3002FF5BA /* CoreTelephony.framework in Frameworks */ = {isa = PBXBuildFile; fileRef = 439507821F5186B3002FF5BA /* CoreTelephony.framework */; };
		439507851F5186C5002FF5BA /* libsqlite3.0.tbd in Frameworks */ = {isa = PBXBuildFile; fileRef = 439507841F5186C5002FF5BA /* libsqlite3.0.tbd */; };
		439507871F5186D2002FF5BA /* libstdc++.tbd in Frameworks */ = {isa = PBXBuildFile; fileRef = 439507861F5186D2002FF5BA /* libstdc++.tbd */; };
		439507891F5186DD002FF5BA /* libxml2.tbd in Frameworks */ = {isa = PBXBuildFile; fileRef = 439507881F5186DD002FF5BA /* libxml2.tbd */; };
		4395078B1F5186F1002FF5BA /* libYandexMapKit.a in Frameworks */ = {isa = PBXBuildFile; fileRef = 4395078A1F5186F1002FF5BA /* libYandexMapKit.a */; };
		4395078D1F5186FE002FF5BA /* libz.tbd in Frameworks */ = {isa = PBXBuildFile; fileRef = 4395078C1F5186FE002FF5BA /* libz.tbd */; };
		4395078F1F518706002FF5BA /* MessageUI.framework in Frameworks */ = {isa = PBXBuildFile; fileRef = 4395078E1F518706002FF5BA /* MessageUI.framework */; };
		439507911F51870E002FF5BA /* OpenGLES.framework in Frameworks */ = {isa = PBXBuildFile; fileRef = 439507901F51870E002FF5BA /* OpenGLES.framework */; };
		439507931F518714002FF5BA /* QuartzCore.framework in Frameworks */ = {isa = PBXBuildFile; fileRef = 439507921F518714002FF5BA /* QuartzCore.framework */; };
		439507951F51871C002FF5BA /* Security.framework in Frameworks */ = {isa = PBXBuildFile; fileRef = 439507941F51871C002FF5BA /* Security.framework */; };
		439507971F518724002FF5BA /* SystemConfiguration.framework in Frameworks */ = {isa = PBXBuildFile; fileRef = 439507961F518724002FF5BA /* SystemConfiguration.framework */; };
		439507C31F5199C3002FF5BA /* SearchViewController.swift in Sources */ = {isa = PBXBuildFile; fileRef = 439507C21F5199C3002FF5BA /* SearchViewController.swift */; };
		439507C61F51A659002FF5BA /* CustomSearchBar.swift in Sources */ = {isa = PBXBuildFile; fileRef = 439507C51F51A659002FF5BA /* CustomSearchBar.swift */; };
		439507C91F51C3A5002FF5BA /* LocationManager.swift in Sources */ = {isa = PBXBuildFile; fileRef = 439507C81F51C3A5002FF5BA /* LocationManager.swift */; };
		43B1E8401F4EDA8200BF2CE7 /* AppDelegate.swift in Sources */ = {isa = PBXBuildFile; fileRef = 43B1E83F1F4EDA8200BF2CE7 /* AppDelegate.swift */; };
		43B1E8421F4EDA8200BF2CE7 /* MapViewController.swift in Sources */ = {isa = PBXBuildFile; fileRef = 43B1E8411F4EDA8200BF2CE7 /* MapViewController.swift */; };
		43B1E8451F4EDA8200BF2CE7 /* Main.storyboard in Resources */ = {isa = PBXBuildFile; fileRef = 43B1E8431F4EDA8200BF2CE7 /* Main.storyboard */; };
		43B1E8471F4EDA8200BF2CE7 /* Assets.xcassets in Resources */ = {isa = PBXBuildFile; fileRef = 43B1E8461F4EDA8200BF2CE7 /* Assets.xcassets */; };
		43B1E84A1F4EDA8200BF2CE7 /* LaunchScreen.storyboard in Resources */ = {isa = PBXBuildFile; fileRef = 43B1E8481F4EDA8200BF2CE7 /* LaunchScreen.storyboard */; };
		43CF11BF1F50302600EFDE37 /* APIManager.swift in Sources */ = {isa = PBXBuildFile; fileRef = 43CF11BE1F50302600EFDE37 /* APIManager.swift */; };
		43CF11C11F50303000EFDE37 /* APIParser.swift in Sources */ = {isa = PBXBuildFile; fileRef = 43CF11C01F50303000EFDE37 /* APIParser.swift */; };
		43CF11C31F50304000EFDE37 /* APIRequests.swift in Sources */ = {isa = PBXBuildFile; fileRef = 43CF11C21F50304000EFDE37 /* APIRequests.swift */; };
		43CF11C61F50470300EFDE37 /* Place.swift in Sources */ = {isa = PBXBuildFile; fileRef = 43CF11C51F50470300EFDE37 /* Place.swift */; };
		9BA1A8A855DBAD6D5B6FD4E8 /* Pods_yandexKitTest.framework in Frameworks */ = {isa = PBXBuildFile; fileRef = E40F616108B06368A33D32A6 /* Pods_yandexKitTest.framework */; };
/* End PBXBuildFile section */

/* Begin PBXFileReference section */
		434445511F5311D000AF456A /* TapHintView.swift */ = {isa = PBXFileReference; fileEncoding = 4; lastKnownFileType = sourcecode.swift; path = TapHintView.swift; sourceTree = "<group>"; };
		434445531F5311DF00AF456A /* TapHintView.xib */ = {isa = PBXFileReference; fileEncoding = 4; lastKnownFileType = file.xib; path = TapHintView.xib; sourceTree = "<group>"; };
		434445551F5323AC00AF456A /* PlacesAroundViewController.swift */ = {isa = PBXFileReference; fileEncoding = 4; lastKnownFileType = sourcecode.swift; path = PlacesAroundViewController.swift; sourceTree = "<group>"; };
		437BE91B1F52C7EE00F21B74 /* TableViewRoutineDelegates.swift */ = {isa = PBXFileReference; fileEncoding = 4; lastKnownFileType = sourcecode.swift; path = TableViewRoutineDelegates.swift; sourceTree = "<group>"; };
		437BE91D1F52EF7400F21B74 /* PointAnnotation.swift */ = {isa = PBXFileReference; fileEncoding = 4; lastKnownFileType = sourcecode.swift; path = PointAnnotation.swift; sourceTree = "<group>"; };
		439507721F518034002FF5BA /* libYandexMapKit.a */ = {isa = PBXFileReference; lastKnownFileType = archive.ar; name = libYandexMapKit.a; path = Pods/YandexMapKit/libYandexMapKit.a; sourceTree = "<group>"; };
		439507781F518691002FF5BA /* OpenAL.framework */ = {isa = PBXFileReference; lastKnownFileType = wrapper.framework; name = OpenAL.framework; path = System/Library/Frameworks/OpenAL.framework; sourceTree = SDKROOT; };
		4395077A1F518695002FF5BA /* AudioToolbox.framework */ = {isa = PBXFileReference; lastKnownFileType = wrapper.framework; name = AudioToolbox.framework; path = System/Library/Frameworks/AudioToolbox.framework; sourceTree = SDKROOT; };
		4395077C1F51869D002FF5BA /* AVFoundation.framework */ = {isa = PBXFileReference; lastKnownFileType = wrapper.framework; name = AVFoundation.framework; path = System/Library/Frameworks/AVFoundation.framework; sourceTree = SDKROOT; };
		4395077E1F5186A2002FF5BA /* CoreData.framework */ = {isa = PBXFileReference; lastKnownFileType = wrapper.framework; name = CoreData.framework; path = System/Library/Frameworks/CoreData.framework; sourceTree = SDKROOT; };
		439507801F5186AB002FF5BA /* CoreLocation.framework */ = {isa = PBXFileReference; lastKnownFileType = wrapper.framework; name = CoreLocation.framework; path = System/Library/Frameworks/CoreLocation.framework; sourceTree = SDKROOT; };
		439507821F5186B3002FF5BA /* CoreTelephony.framework */ = {isa = PBXFileReference; lastKnownFileType = wrapper.framework; name = CoreTelephony.framework; path = System/Library/Frameworks/CoreTelephony.framework; sourceTree = SDKROOT; };
		439507841F5186C5002FF5BA /* libsqlite3.0.tbd */ = {isa = PBXFileReference; lastKnownFileType = "sourcecode.text-based-dylib-definition"; name = libsqlite3.0.tbd; path = usr/lib/libsqlite3.0.tbd; sourceTree = SDKROOT; };
		439507861F5186D2002FF5BA /* libstdc++.tbd */ = {isa = PBXFileReference; lastKnownFileType = "sourcecode.text-based-dylib-definition"; name = "libstdc++.tbd"; path = "usr/lib/libstdc++.tbd"; sourceTree = SDKROOT; };
		439507881F5186DD002FF5BA /* libxml2.tbd */ = {isa = PBXFileReference; lastKnownFileType = "sourcecode.text-based-dylib-definition"; name = libxml2.tbd; path = usr/lib/libxml2.tbd; sourceTree = SDKROOT; };
		4395078A1F5186F1002FF5BA /* libYandexMapKit.a */ = {isa = PBXFileReference; lastKnownFileType = archive.ar; name = libYandexMapKit.a; path = YandexMapKit/libYandexMapKit.a; sourceTree = "<group>"; };
		4395078C1F5186FE002FF5BA /* libz.tbd */ = {isa = PBXFileReference; lastKnownFileType = "sourcecode.text-based-dylib-definition"; name = libz.tbd; path = usr/lib/libz.tbd; sourceTree = SDKROOT; };
		4395078E1F518706002FF5BA /* MessageUI.framework */ = {isa = PBXFileReference; lastKnownFileType = wrapper.framework; name = MessageUI.framework; path = System/Library/Frameworks/MessageUI.framework; sourceTree = SDKROOT; };
		439507901F51870E002FF5BA /* OpenGLES.framework */ = {isa = PBXFileReference; lastKnownFileType = wrapper.framework; name = OpenGLES.framework; path = System/Library/Frameworks/OpenGLES.framework; sourceTree = SDKROOT; };
		439507921F518714002FF5BA /* QuartzCore.framework */ = {isa = PBXFileReference; lastKnownFileType = wrapper.framework; name = QuartzCore.framework; path = System/Library/Frameworks/QuartzCore.framework; sourceTree = SDKROOT; };
		439507941F51871C002FF5BA /* Security.framework */ = {isa = PBXFileReference; lastKnownFileType = wrapper.framework; name = Security.framework; path = System/Library/Frameworks/Security.framework; sourceTree = SDKROOT; };
		439507961F518724002FF5BA /* SystemConfiguration.framework */ = {isa = PBXFileReference; lastKnownFileType = wrapper.framework; name = SystemConfiguration.framework; path = System/Library/Frameworks/SystemConfiguration.framework; sourceTree = SDKROOT; };
		439507C01F518A5D002FF5BA /* YandexMapKitBridgingHeader.h */ = {isa = PBXFileReference; lastKnownFileType = sourcecode.c.h; path = YandexMapKitBridgingHeader.h; sourceTree = "<group>"; };
		439507C21F5199C3002FF5BA /* SearchViewController.swift */ = {isa = PBXFileReference; fileEncoding = 4; lastKnownFileType = sourcecode.swift; path = SearchViewController.swift; sourceTree = "<group>"; };
		439507C51F51A659002FF5BA /* CustomSearchBar.swift */ = {isa = PBXFileReference; fileEncoding = 4; lastKnownFileType = sourcecode.swift; path = CustomSearchBar.swift; sourceTree = "<group>"; };
		439507C81F51C3A5002FF5BA /* LocationManager.swift */ = {isa = PBXFileReference; fileEncoding = 4; lastKnownFileType = sourcecode.swift; path = LocationManager.swift; sourceTree = "<group>"; };
		43B1E83C1F4EDA8200BF2CE7 /* yandexKitTest.app */ = {isa = PBXFileReference; explicitFileType = wrapper.application; includeInIndex = 0; path = yandexKitTest.app; sourceTree = BUILT_PRODUCTS_DIR; };
		43B1E83F1F4EDA8200BF2CE7 /* AppDelegate.swift */ = {isa = PBXFileReference; lastKnownFileType = sourcecode.swift; path = AppDelegate.swift; sourceTree = "<group>"; };
		43B1E8411F4EDA8200BF2CE7 /* MapViewController.swift */ = {isa = PBXFileReference; lastKnownFileType = sourcecode.swift; path = MapViewController.swift; sourceTree = "<group>"; };
		43B1E8441F4EDA8200BF2CE7 /* Base */ = {isa = PBXFileReference; lastKnownFileType = file.storyboard; name = Base; path = Base.lproj/Main.storyboard; sourceTree = "<group>"; };
		43B1E8461F4EDA8200BF2CE7 /* Assets.xcassets */ = {isa = PBXFileReference; lastKnownFileType = folder.assetcatalog; path = Assets.xcassets; sourceTree = "<group>"; };
		43B1E8491F4EDA8200BF2CE7 /* Base */ = {isa = PBXFileReference; lastKnownFileType = file.storyboard; name = Base; path = Base.lproj/LaunchScreen.storyboard; sourceTree = "<group>"; };
		43B1E84B1F4EDA8200BF2CE7 /* Info.plist */ = {isa = PBXFileReference; lastKnownFileType = text.plist.xml; path = Info.plist; sourceTree = "<group>"; };
		43CF11BE1F50302600EFDE37 /* APIManager.swift */ = {isa = PBXFileReference; fileEncoding = 4; lastKnownFileType = sourcecode.swift; path = APIManager.swift; sourceTree = "<group>"; };
		43CF11C01F50303000EFDE37 /* APIParser.swift */ = {isa = PBXFileReference; fileEncoding = 4; lastKnownFileType = sourcecode.swift; path = APIParser.swift; sourceTree = "<group>"; };
		43CF11C21F50304000EFDE37 /* APIRequests.swift */ = {isa = PBXFileReference; fileEncoding = 4; lastKnownFileType = sourcecode.swift; path = APIRequests.swift; sourceTree = "<group>"; };
		43CF11C51F50470300EFDE37 /* Place.swift */ = {isa = PBXFileReference; fileEncoding = 4; lastKnownFileType = sourcecode.swift; path = Place.swift; sourceTree = "<group>"; };
		4DBF128FCF1A2F74D6B6D779 /* Pods-yandexKitTest.release.xcconfig */ = {isa = PBXFileReference; includeInIndex = 1; lastKnownFileType = text.xcconfig; name = "Pods-yandexKitTest.release.xcconfig"; path = "Pods/Target Support Files/Pods-yandexKitTest/Pods-yandexKitTest.release.xcconfig"; sourceTree = "<group>"; };
		6FFE2DEB3971DF9DE8F785EA /* Pods-yandexKitTest.debug.xcconfig */ = {isa = PBXFileReference; includeInIndex = 1; lastKnownFileType = text.xcconfig; name = "Pods-yandexKitTest.debug.xcconfig"; path = "Pods/Target Support Files/Pods-yandexKitTest/Pods-yandexKitTest.debug.xcconfig"; sourceTree = "<group>"; };
		E40F616108B06368A33D32A6 /* Pods_yandexKitTest.framework */ = {isa = PBXFileReference; explicitFileType = wrapper.framework; includeInIndex = 0; path = Pods_yandexKitTest.framework; sourceTree = BUILT_PRODUCTS_DIR; };
/* End PBXFileReference section */

/* Begin PBXFrameworksBuildPhase section */
		43B1E8391F4EDA8200BF2CE7 /* Frameworks */ = {
			isa = PBXFrameworksBuildPhase;
			buildActionMask = 2147483647;
			files = (
				439507971F518724002FF5BA /* SystemConfiguration.framework in Frameworks */,
				439507951F51871C002FF5BA /* Security.framework in Frameworks */,
				439507931F518714002FF5BA /* QuartzCore.framework in Frameworks */,
				439507911F51870E002FF5BA /* OpenGLES.framework in Frameworks */,
				4395078F1F518706002FF5BA /* MessageUI.framework in Frameworks */,
				4395078D1F5186FE002FF5BA /* libz.tbd in Frameworks */,
				4395078B1F5186F1002FF5BA /* libYandexMapKit.a in Frameworks */,
				439507891F5186DD002FF5BA /* libxml2.tbd in Frameworks */,
				439507871F5186D2002FF5BA /* libstdc++.tbd in Frameworks */,
				439507851F5186C5002FF5BA /* libsqlite3.0.tbd in Frameworks */,
				439507831F5186B3002FF5BA /* CoreTelephony.framework in Frameworks */,
				439507811F5186AB002FF5BA /* CoreLocation.framework in Frameworks */,
				4395077F1F5186A2002FF5BA /* CoreData.framework in Frameworks */,
				4395077D1F51869D002FF5BA /* AVFoundation.framework in Frameworks */,
				4395077B1F518695002FF5BA /* AudioToolbox.framework in Frameworks */,
				439507791F518691002FF5BA /* OpenAL.framework in Frameworks */,
				9BA1A8A855DBAD6D5B6FD4E8 /* Pods_yandexKitTest.framework in Frameworks */,
			);
			runOnlyForDeploymentPostprocessing = 0;
		};
/* End PBXFrameworksBuildPhase section */

/* Begin PBXGroup section */
		434445571F5323B600AF456A /* Controllers */ = {
			isa = PBXGroup;
			children = (
				43B1E8411F4EDA8200BF2CE7 /* MapViewController.swift */,
				434445551F5323AC00AF456A /* PlacesAroundViewController.swift */,
				439507C21F5199C3002FF5BA /* SearchViewController.swift */,
			);
			name = Controllers;
			path = Controllers;
			sourceTree = "<group>";
		};
		437BE91A1F52C7D900F21B74 /* Helpers */ = {
			isa = PBXGroup;
			children = (
				437BE91B1F52C7EE00F21B74 /* TableViewRoutineDelegates.swift */,
			);
			name = Helpers;
			path = Helpers;
			sourceTree = "<group>";
		};
		437BE9231F52FD7700F21B74 /* OnTapHintView */ = {
			isa = PBXGroup;
			children = (
				434445511F5311D000AF456A /* TapHintView.swift */,
				434445531F5311DF00AF456A /* TapHintView.xib */,
			);
			name = OnTapHintView;
			path = OnTapHintView;
			sourceTree = "<group>";
		};
		439507741F5181EF002FF5BA /* Supporting Files */ = {
			isa = PBXGroup;
			children = (
				439507C11F518ECD002FF5BA /* BridgingHeadets */,
			);
			name = "Supporting Files";
			path = "Supporting Files";
			sourceTree = "<group>";
		};
		439507C11F518ECD002FF5BA /* BridgingHeadets */ = {
			isa = PBXGroup;
			children = (
				439507C01F518A5D002FF5BA /* YandexMapKitBridgingHeader.h */,
			);
			name = BridgingHeadets;
			path = BridgingHeadets;
			sourceTree = "<group>";
		};
		439507C41F51A647002FF5BA /* Views */ = {
			isa = PBXGroup;
			children = (
				437BE9231F52FD7700F21B74 /* OnTapHintView */,
				439507C51F51A659002FF5BA /* CustomSearchBar.swift */,
			);
			name = Views;
			path = Views;
			sourceTree = "<group>";
		};
		439507C71F51C209002FF5BA /* LocationManager */ = {
			isa = PBXGroup;
			children = (
				439507C81F51C3A5002FF5BA /* LocationManager.swift */,
			);
			name = LocationManager;
			path = LocationManager;
			sourceTree = "<group>";
		};
		43B1E8331F4EDA8200BF2CE7 = {
			isa = PBXGroup;
			children = (
				BD795F6D90C4A77BD581A515 /* Frameworks */,
				4FBFA4BCFE510C0B47312631 /* Pods */,
				43B1E83D1F4EDA8200BF2CE7 /* Products */,
				43B1E83E1F4EDA8200BF2CE7 /* yandexKitTest */,
			);
			sourceTree = "<group>";
		};
		43B1E83D1F4EDA8200BF2CE7 /* Products */ = {
			isa = PBXGroup;
			children = (
				43B1E83C1F4EDA8200BF2CE7 /* yandexKitTest.app */,
			);
			name = Products;
			sourceTree = "<group>";
		};
		43B1E83E1F4EDA8200BF2CE7 /* yandexKitTest */ = {
			isa = PBXGroup;
			children = (
				43CF11BD1F502ED400EFDE37 /* API */,
				434445571F5323B600AF456A /* Controllers */,
				437BE91A1F52C7D900F21B74 /* Helpers */,
				439507C71F51C209002FF5BA /* LocationManager */,
				43CF11C41F5046D500EFDE37 /* SimpleModels */,
				439507741F5181EF002FF5BA /* Supporting Files */,
				439507C41F51A647002FF5BA /* Views */,
				43B1E83F1F4EDA8200BF2CE7 /* AppDelegate.swift */,
				43B1E8461F4EDA8200BF2CE7 /* Assets.xcassets */,
				43B1E84B1F4EDA8200BF2CE7 /* Info.plist */,
				43B1E8481F4EDA8200BF2CE7 /* LaunchScreen.storyboard */,
				43B1E8431F4EDA8200BF2CE7 /* Main.storyboard */,
			);
			path = yandexKitTest;
			sourceTree = "<group>";
		};
		43CF11BD1F502ED400EFDE37 /* API */ = {
			isa = PBXGroup;
			children = (
				43CF11BE1F50302600EFDE37 /* APIManager.swift */,
				43CF11C01F50303000EFDE37 /* APIParser.swift */,
				43CF11C21F50304000EFDE37 /* APIRequests.swift */,
			);
			name = API;
			path = API;
			sourceTree = "<group>";
		};
		43CF11C41F5046D500EFDE37 /* SimpleModels */ = {
			isa = PBXGroup;
			children = (
				43CF11C51F50470300EFDE37 /* Place.swift */,
				437BE91D1F52EF7400F21B74 /* PointAnnotation.swift */,
			);
			name = SimpleModels;
			path = SimpleModels;
			sourceTree = "<group>";
		};
		4FBFA4BCFE510C0B47312631 /* Pods */ = {
			isa = PBXGroup;
			children = (
				6FFE2DEB3971DF9DE8F785EA /* Pods-yandexKitTest.debug.xcconfig */,
				4DBF128FCF1A2F74D6B6D779 /* Pods-yandexKitTest.release.xcconfig */,
			);
			name = Pods;
			sourceTree = "<group>";
		};
		BD795F6D90C4A77BD581A515 /* Frameworks */ = {
			isa = PBXGroup;
			children = (
				439507961F518724002FF5BA /* SystemConfiguration.framework */,
				439507941F51871C002FF5BA /* Security.framework */,
				439507921F518714002FF5BA /* QuartzCore.framework */,
				439507901F51870E002FF5BA /* OpenGLES.framework */,
				4395078E1F518706002FF5BA /* MessageUI.framework */,
				4395078C1F5186FE002FF5BA /* libz.tbd */,
				4395078A1F5186F1002FF5BA /* libYandexMapKit.a */,
				439507881F5186DD002FF5BA /* libxml2.tbd */,
				439507861F5186D2002FF5BA /* libstdc++.tbd */,
				439507841F5186C5002FF5BA /* libsqlite3.0.tbd */,
				439507821F5186B3002FF5BA /* CoreTelephony.framework */,
				439507801F5186AB002FF5BA /* CoreLocation.framework */,
				4395077E1F5186A2002FF5BA /* CoreData.framework */,
				4395077C1F51869D002FF5BA /* AVFoundation.framework */,
				4395077A1F518695002FF5BA /* AudioToolbox.framework */,
				439507781F518691002FF5BA /* OpenAL.framework */,
				439507721F518034002FF5BA /* libYandexMapKit.a */,
				E40F616108B06368A33D32A6 /* Pods_yandexKitTest.framework */,
			);
			name = Frameworks;
			sourceTree = "<group>";
		};
/* End PBXGroup section */

/* Begin PBXNativeTarget section */
		43B1E83B1F4EDA8200BF2CE7 /* yandexKitTest */ = {
			isa = PBXNativeTarget;
			buildConfigurationList = 43B1E84E1F4EDA8200BF2CE7 /* Build configuration list for PBXNativeTarget "yandexKitTest" */;
			buildPhases = (
				28F1A2E0B9CF480C8789D29E /* [CP] Check Pods Manifest.lock */,
				43B1E8381F4EDA8200BF2CE7 /* Sources */,
				43B1E8391F4EDA8200BF2CE7 /* Frameworks */,
				43B1E83A1F4EDA8200BF2CE7 /* Resources */,
				3EDC6F6B506E7D79E9275930 /* [CP] Embed Pods Frameworks */,
				FB83CCA0E945DA3EA2020CC6 /* [CP] Copy Pods Resources */,
			);
			buildRules = (
			);
			dependencies = (
			);
			name = yandexKitTest;
			productName = yandexKitTest;
			productReference = 43B1E83C1F4EDA8200BF2CE7 /* yandexKitTest.app */;
			productType = "com.apple.product-type.application";
		};
/* End PBXNativeTarget section */

/* Begin PBXProject section */
		43B1E8341F4EDA8200BF2CE7 /* Project object */ = {
			isa = PBXProject;
			attributes = {
				LastSwiftUpdateCheck = 0830;
				LastUpgradeCheck = 0830;
				ORGANIZATIONNAME = "Artem Alekseev";
				TargetAttributes = {
					43B1E83B1F4EDA8200BF2CE7 = {
						CreatedOnToolsVersion = 8.3.2;
						DevelopmentTeam = 9K93F66NC9;
						ProvisioningStyle = Automatic;
					};
				};
			};
			buildConfigurationList = 43B1E8371F4EDA8200BF2CE7 /* Build configuration list for PBXProject "yandexKitTest" */;
			compatibilityVersion = "Xcode 3.2";
			developmentRegion = English;
			hasScannedForEncodings = 0;
			knownRegions = (
				en,
				Base,
			);
			mainGroup = 43B1E8331F4EDA8200BF2CE7;
			productRefGroup = 43B1E83D1F4EDA8200BF2CE7 /* Products */;
			projectDirPath = "";
			projectRoot = "";
			targets = (
				43B1E83B1F4EDA8200BF2CE7 /* yandexKitTest */,
			);
		};
/* End PBXProject section */

/* Begin PBXResourcesBuildPhase section */
		43B1E83A1F4EDA8200BF2CE7 /* Resources */ = {
			isa = PBXResourcesBuildPhase;
			buildActionMask = 2147483647;
			files = (
				43B1E84A1F4EDA8200BF2CE7 /* LaunchScreen.storyboard in Resources */,
				434445541F5311DF00AF456A /* TapHintView.xib in Resources */,
				43B1E8471F4EDA8200BF2CE7 /* Assets.xcassets in Resources */,
				43B1E8451F4EDA8200BF2CE7 /* Main.storyboard in Resources */,
			);
			runOnlyForDeploymentPostprocessing = 0;
		};
/* End PBXResourcesBuildPhase section */

/* Begin PBXShellScriptBuildPhase section */
		28F1A2E0B9CF480C8789D29E /* [CP] Check Pods Manifest.lock */ = {
			isa = PBXShellScriptBuildPhase;
			buildActionMask = 2147483647;
			files = (
			);
			inputPaths = (
			);
			name = "[CP] Check Pods Manifest.lock";
			outputPaths = (
			);
			runOnlyForDeploymentPostprocessing = 0;
			shellPath = /bin/sh;
			shellScript = "diff \"${PODS_PODFILE_DIR_PATH}/Podfile.lock\" \"${PODS_ROOT}/Manifest.lock\" > /dev/null\nif [ $? != 0 ] ; then\n    # print error to STDERR\n    echo \"error: The sandbox is not in sync with the Podfile.lock. Run 'pod install' or update your CocoaPods installation.\" >&2\n    exit 1\nfi\n";
			showEnvVarsInLog = 0;
		};
		3EDC6F6B506E7D79E9275930 /* [CP] Embed Pods Frameworks */ = {
			isa = PBXShellScriptBuildPhase;
			buildActionMask = 2147483647;
			files = (
			);
			inputPaths = (
			);
			name = "[CP] Embed Pods Frameworks";
			outputPaths = (
			);
			runOnlyForDeploymentPostprocessing = 0;
			shellPath = /bin/sh;
			shellScript = "\"${SRCROOT}/Pods/Target Support Files/Pods-yandexKitTest/Pods-yandexKitTest-frameworks.sh\"\n";
			showEnvVarsInLog = 0;
		};
		FB83CCA0E945DA3EA2020CC6 /* [CP] Copy Pods Resources */ = {
			isa = PBXShellScriptBuildPhase;
			buildActionMask = 2147483647;
			files = (
			);
			inputPaths = (
			);
			name = "[CP] Copy Pods Resources";
			outputPaths = (
			);
			runOnlyForDeploymentPostprocessing = 0;
			shellPath = /bin/sh;
			shellScript = "\"${SRCROOT}/Pods/Target Support Files/Pods-yandexKitTest/Pods-yandexKitTest-resources.sh\"\n";
			showEnvVarsInLog = 0;
		};
/* End PBXShellScriptBuildPhase section */

/* Begin PBXSourcesBuildPhase section */
		43B1E8381F4EDA8200BF2CE7 /* Sources */ = {
			isa = PBXSourcesBuildPhase;
			buildActionMask = 2147483647;
			files = (
				43CF11BF1F50302600EFDE37 /* APIManager.swift in Sources */,
				434445561F5323AC00AF456A /* PlacesAroundViewController.swift in Sources */,
				439507C31F5199C3002FF5BA /* SearchViewController.swift in Sources */,
				43CF11C11F50303000EFDE37 /* APIParser.swift in Sources */,
				434445521F5311D000AF456A /* TapHintView.swift in Sources */,
				43CF11C31F50304000EFDE37 /* APIRequests.swift in Sources */,
				43CF11C61F50470300EFDE37 /* Place.swift in Sources */,
				43B1E8421F4EDA8200BF2CE7 /* MapViewController.swift in Sources */,
				437BE91C1F52C7EE00F21B74 /* TableViewRoutineDelegates.swift in Sources */,
				439507C61F51A659002FF5BA /* CustomSearchBar.swift in Sources */,
				43B1E8401F4EDA8200BF2CE7 /* AppDelegate.swift in Sources */,
				439507C91F51C3A5002FF5BA /* LocationManager.swift in Sources */,
				437BE91E1F52EF7400F21B74 /* PointAnnotation.swift in Sources */,
			);
			runOnlyForDeploymentPostprocessing = 0;
		};
/* End PBXSourcesBuildPhase section */

/* Begin PBXVariantGroup section */
		43B1E8431F4EDA8200BF2CE7 /* Main.storyboard */ = {
			isa = PBXVariantGroup;
			children = (
				43B1E8441F4EDA8200BF2CE7 /* Base */,
			);
			name = Main.storyboard;
			path = .;
			sourceTree = "<group>";
		};
		43B1E8481F4EDA8200BF2CE7 /* LaunchScreen.storyboard */ = {
			isa = PBXVariantGroup;
			children = (
				43B1E8491F4EDA8200BF2CE7 /* Base */,
			);
			name = LaunchScreen.storyboard;
			path = .;
			sourceTree = "<group>";
		};
/* End PBXVariantGroup section */

/* Begin XCBuildConfiguration section */
		43B1E84C1F4EDA8200BF2CE7 /* Debug */ = {
			isa = XCBuildConfiguration;
			buildSettings = {
				ALWAYS_SEARCH_USER_PATHS = NO;
				CLANG_ANALYZER_NONNULL = YES;
				CLANG_ANALYZER_NUMBER_OBJECT_CONVERSION = YES_AGGRESSIVE;
				CLANG_CXX_LANGUAGE_STANDARD = "gnu++0x";
				CLANG_CXX_LIBRARY = "libc++";
				CLANG_ENABLE_MODULES = YES;
				CLANG_ENABLE_OBJC_ARC = YES;
				CLANG_WARN_BOOL_CONVERSION = YES;
				CLANG_WARN_CONSTANT_CONVERSION = YES;
				CLANG_WARN_DIRECT_OBJC_ISA_USAGE = YES_ERROR;
				CLANG_WARN_DOCUMENTATION_COMMENTS = YES;
				CLANG_WARN_EMPTY_BODY = YES;
				CLANG_WARN_ENUM_CONVERSION = YES;
				CLANG_WARN_INFINITE_RECURSION = YES;
				CLANG_WARN_INT_CONVERSION = YES;
				CLANG_WARN_OBJC_ROOT_CLASS = YES_ERROR;
				CLANG_WARN_SUSPICIOUS_MOVE = YES;
				CLANG_WARN_UNREACHABLE_CODE = YES;
				CLANG_WARN__DUPLICATE_METHOD_MATCH = YES;
				"CODE_SIGN_IDENTITY[sdk=iphoneos*]" = "iPhone Developer";
				COPY_PHASE_STRIP = NO;
				DEBUG_INFORMATION_FORMAT = dwarf;
				ENABLE_STRICT_OBJC_MSGSEND = YES;
				ENABLE_TESTABILITY = YES;
				GCC_C_LANGUAGE_STANDARD = gnu99;
				GCC_DYNAMIC_NO_PIC = NO;
				GCC_NO_COMMON_BLOCKS = YES;
				GCC_OPTIMIZATION_LEVEL = 0;
				GCC_PREPROCESSOR_DEFINITIONS = (
					"DEBUG=1",
					"$(inherited)",
				);
				GCC_WARN_64_TO_32_BIT_CONVERSION = YES;
				GCC_WARN_ABOUT_RETURN_TYPE = YES_ERROR;
				GCC_WARN_UNDECLARED_SELECTOR = YES;
				GCC_WARN_UNINITIALIZED_AUTOS = YES_AGGRESSIVE;
				GCC_WARN_UNUSED_FUNCTION = YES;
				GCC_WARN_UNUSED_VARIABLE = YES;
				IPHONEOS_DEPLOYMENT_TARGET = 10.3;
				MTL_ENABLE_DEBUG_INFO = YES;
				ONLY_ACTIVE_ARCH = YES;
				SDKROOT = iphoneos;
				SWIFT_ACTIVE_COMPILATION_CONDITIONS = DEBUG;
				SWIFT_OPTIMIZATION_LEVEL = "-Onone";
			};
			name = Debug;
		};
		43B1E84D1F4EDA8200BF2CE7 /* Release */ = {
			isa = XCBuildConfiguration;
			buildSettings = {
				ALWAYS_SEARCH_USER_PATHS = NO;
				CLANG_ANALYZER_NONNULL = YES;
				CLANG_ANALYZER_NUMBER_OBJECT_CONVERSION = YES_AGGRESSIVE;
				CLANG_CXX_LANGUAGE_STANDARD = "gnu++0x";
				CLANG_CXX_LIBRARY = "libc++";
				CLANG_ENABLE_MODULES = YES;
				CLANG_ENABLE_OBJC_ARC = YES;
				CLANG_WARN_BOOL_CONVERSION = YES;
				CLANG_WARN_CONSTANT_CONVERSION = YES;
				CLANG_WARN_DIRECT_OBJC_ISA_USAGE = YES_ERROR;
				CLANG_WARN_DOCUMENTATION_COMMENTS = YES;
				CLANG_WARN_EMPTY_BODY = YES;
				CLANG_WARN_ENUM_CONVERSION = YES;
				CLANG_WARN_INFINITE_RECURSION = YES;
				CLANG_WARN_INT_CONVERSION = YES;
				CLANG_WARN_OBJC_ROOT_CLASS = YES_ERROR;
				CLANG_WARN_SUSPICIOUS_MOVE = YES;
				CLANG_WARN_UNREACHABLE_CODE = YES;
				CLANG_WARN__DUPLICATE_METHOD_MATCH = YES;
				"CODE_SIGN_IDENTITY[sdk=iphoneos*]" = "iPhone Developer";
				COPY_PHASE_STRIP = NO;
				DEBUG_INFORMATION_FORMAT = "dwarf-with-dsym";
				ENABLE_NS_ASSERTIONS = NO;
				ENABLE_STRICT_OBJC_MSGSEND = YES;
				GCC_C_LANGUAGE_STANDARD = gnu99;
				GCC_NO_COMMON_BLOCKS = YES;
				GCC_WARN_64_TO_32_BIT_CONVERSION = YES;
				GCC_WARN_ABOUT_RETURN_TYPE = YES_ERROR;
				GCC_WARN_UNDECLARED_SELECTOR = YES;
				GCC_WARN_UNINITIALIZED_AUTOS = YES_AGGRESSIVE;
				GCC_WARN_UNUSED_FUNCTION = YES;
				GCC_WARN_UNUSED_VARIABLE = YES;
				IPHONEOS_DEPLOYMENT_TARGET = 10.3;
				MTL_ENABLE_DEBUG_INFO = NO;
				ONLY_ACTIVE_ARCH = YES;
				SDKROOT = iphoneos;
				SWIFT_OPTIMIZATION_LEVEL = "-Owholemodule";
				VALIDATE_PRODUCT = YES;
			};
			name = Release;
		};
		43B1E84F1F4EDA8200BF2CE7 /* Debug */ = {
			isa = XCBuildConfiguration;
			baseConfigurationReference = 6FFE2DEB3971DF9DE8F785EA /* Pods-yandexKitTest.debug.xcconfig */;
			buildSettings = {
				ASSETCATALOG_COMPILER_APPICON_NAME = AppIcon;
				DEFINES_MODULE = YES;
				DEVELOPMENT_TEAM = 9K93F66NC9;
				INFOPLIST_FILE = yandexKitTest/Info.plist;
				LD_RUNPATH_SEARCH_PATHS = "$(inherited) @executable_path/Frameworks";
				LIBRARY_SEARCH_PATHS = (
					"$(inherited)",
					"$(PROJECT_DIR)/YandexMapKit",
				);
				ONLY_ACTIVE_ARCH = YES;
				OTHER_LDFLAGS = (
					"$(inherited)",
					"-framework",
					"\"Alamofire\"",
					"-all_load",
					"-Obj-C",
				);
				PRODUCT_BUNDLE_IDENTIFIER = com.deadjay.yandexKitTest;
				PRODUCT_NAME = "$(TARGET_NAME)";
				SWIFT_OBJC_BRIDGING_HEADER = yandexKitTest/YandexMapKitBridgingHeader.h;
				SWIFT_VERSION = 3.0;
				USER_HEADER_SEARCH_PATHS = "Pods/**";
			};
			name = Debug;
		};
		43B1E8501F4EDA8200BF2CE7 /* Release */ = {
			isa = XCBuildConfiguration;
			baseConfigurationReference = 4DBF128FCF1A2F74D6B6D779 /* Pods-yandexKitTest.release.xcconfig */;
			buildSettings = {
				ASSETCATALOG_COMPILER_APPICON_NAME = AppIcon;
				DEFINES_MODULE = YES;
				DEVELOPMENT_TEAM = 9K93F66NC9;
				INFOPLIST_FILE = yandexKitTest/Info.plist;
				LD_RUNPATH_SEARCH_PATHS = "$(inherited) @executable_path/Frameworks";
				LIBRARY_SEARCH_PATHS = (
					"$(inherited)",
					"$(PROJECT_DIR)/YandexMapKit",
				);
				ONLY_ACTIVE_ARCH = YES;
				OTHER_LDFLAGS = (
					"$(inherited)",
					"-framework",
					"\"Alamofire\"",
					"-all_load",
					"-Obj-C",
				);
				PRODUCT_BUNDLE_IDENTIFIER = com.deadjay.yandexKitTest;
				PRODUCT_NAME = "$(TARGET_NAME)";
				SWIFT_OBJC_BRIDGING_HEADER = yandexKitTest/YandexMapKitBridgingHeader.h;
				SWIFT_VERSION = 3.0;
				USER_HEADER_SEARCH_PATHS = "Pods/**";
			};
			name = Release;
		};
/* End XCBuildConfiguration section */

/* Begin XCConfigurationList section */
		43B1E8371F4EDA8200BF2CE7 /* Build configuration list for PBXProject "yandexKitTest" */ = {
			isa = XCConfigurationList;
			buildConfigurations = (
				43B1E84C1F4EDA8200BF2CE7 /* Debug */,
				43B1E84D1F4EDA8200BF2CE7 /* Release */,
			);
			defaultConfigurationIsVisible = 0;
			defaultConfigurationName = Release;
		};
		43B1E84E1F4EDA8200BF2CE7 /* Build configuration list for PBXNativeTarget "yandexKitTest" */ = {
			isa = XCConfigurationList;
			buildConfigurations = (
				43B1E84F1F4EDA8200BF2CE7 /* Debug */,
				43B1E8501F4EDA8200BF2CE7 /* Release */,
			);
			defaultConfigurationIsVisible = 0;
			defaultConfigurationName = Release;
		};
/* End XCConfigurationList section */
	};
	rootObject = 43B1E8341F4EDA8200BF2CE7 /* Project object */;
}
